// !$*UTF8*$!
{
	archiveVersion = 1;
	classes = {
	};
	objectVersion = 55;
	objects = {

/* Begin PBXBuildFile section */
		0EEF6D7229D60F9600E14AEC /* Assets.xcassets in Resources */ = {isa = PBXBuildFile; fileRef = 0EEF6D7129D60F9500E14AEC /* Assets.xcassets */; };
		0EEF6D7429D60FD800E14AEC /* ItemModel.swift in Sources */ = {isa = PBXBuildFile; fileRef = 0EEF6D7329D60FD800E14AEC /* ItemModel.swift */; };
		0EEF6D7629D60FED00E14AEC /* ItemView.swift in Sources */ = {isa = PBXBuildFile; fileRef = 0EEF6D7529D60FED00E14AEC /* ItemView.swift */; };
		0EEF6D7829D6100000E14AEC /* ItemUpdateView.swift in Sources */ = {isa = PBXBuildFile; fileRef = 0EEF6D7729D6100000E14AEC /* ItemUpdateView.swift */; };
		0EEF6D7A29D6102F00E14AEC /* DetailViewController.swift in Sources */ = {isa = PBXBuildFile; fileRef = 0EEF6D7929D6102F00E14AEC /* DetailViewController.swift */; };
		0EEF6D7C29D6104100E14AEC /* CartViewController.swift in Sources */ = {isa = PBXBuildFile; fileRef = 0EEF6D7B29D6104100E14AEC /* CartViewController.swift */; };
		0EEF6D7E29D6105400E14AEC /* CatalogCollectionViewCell.swift in Sources */ = {isa = PBXBuildFile; fileRef = 0EEF6D7D29D6105400E14AEC /* CatalogCollectionViewCell.swift */; };
		0EEF6D8029D6106300E14AEC /* CartTableViewCell.swift in Sources */ = {isa = PBXBuildFile; fileRef = 0EEF6D7F29D6106300E14AEC /* CartTableViewCell.swift */; };
		0EEF6D8229D6107F00E14AEC /* CatalogViewModel.swift in Sources */ = {isa = PBXBuildFile; fileRef = 0EEF6D8129D6107F00E14AEC /* CatalogViewModel.swift */; };
		0EEF6D8429D6108F00E14AEC /* DetailViewModel.swift in Sources */ = {isa = PBXBuildFile; fileRef = 0EEF6D8329D6108F00E14AEC /* DetailViewModel.swift */; };
		0EEF6D8629D610A100E14AEC /* CartViewModel.swift in Sources */ = {isa = PBXBuildFile; fileRef = 0EEF6D8529D610A100E14AEC /* CartViewModel.swift */; };
		0EEF6D8829D610BC00E14AEC /* NetworkManager.swift in Sources */ = {isa = PBXBuildFile; fileRef = 0EEF6D8729D610BC00E14AEC /* NetworkManager.swift */; };
		0EEF6D8A29D610CD00E14AEC /* ImageManager.swift in Sources */ = {isa = PBXBuildFile; fileRef = 0EEF6D8929D610CD00E14AEC /* ImageManager.swift */; };
		0EEF6D8C29D610DD00E14AEC /* CartDataManager.swift in Sources */ = {isa = PBXBuildFile; fileRef = 0EEF6D8B29D610DD00E14AEC /* CartDataManager.swift */; };
		0EEF6D8E29D610EE00E14AEC /* CatalogDataManager.swift in Sources */ = {isa = PBXBuildFile; fileRef = 0EEF6D8D29D610EE00E14AEC /* CatalogDataManager.swift */; };
		0EEF6D9029D6110D00E14AEC /* UsesAutoLayout.swift in Sources */ = {isa = PBXBuildFile; fileRef = 0EEF6D8F29D6110D00E14AEC /* UsesAutoLayout.swift */; };
		0EEF6D9229D6112000E14AEC /* Constant.swift in Sources */ = {isa = PBXBuildFile; fileRef = 0EEF6D9129D6112000E14AEC /* Constant.swift */; };
		0EEF6D9429D6113A00E14AEC /* ReusableViewProtocol.swift in Sources */ = {isa = PBXBuildFile; fileRef = 0EEF6D9329D6113A00E14AEC /* ReusableViewProtocol.swift */; };
		0EEF6D9629D6117A00E14AEC /* UIViewController+Extension.swift in Sources */ = {isa = PBXBuildFile; fileRef = 0EEF6D9529D6117A00E14AEC /* UIViewController+Extension.swift */; };
		0EEF6D9829D6119400E14AEC /* UICollectionView+Extension.swift in Sources */ = {isa = PBXBuildFile; fileRef = 0EEF6D9729D6119400E14AEC /* UICollectionView+Extension.swift */; };
		0EEF6D9A29D611A300E14AEC /* UICollectionViewCell+Extension.swift in Sources */ = {isa = PBXBuildFile; fileRef = 0EEF6D9929D611A300E14AEC /* UICollectionViewCell+Extension.swift */; };
		0EEF6D9C29D611C200E14AEC /* UITableView+Extension.swift in Sources */ = {isa = PBXBuildFile; fileRef = 0EEF6D9B29D611C200E14AEC /* UITableView+Extension.swift */; };
		0EEF6D9E29D611D100E14AEC /* UITableViewCell+Extension.swift in Sources */ = {isa = PBXBuildFile; fileRef = 0EEF6D9D29D611D100E14AEC /* UITableViewCell+Extension.swift */; };
		0EEF6DA029D611E100E14AEC /* UIView+Extension.swift in Sources */ = {isa = PBXBuildFile; fileRef = 0EEF6D9F29D611E100E14AEC /* UIView+Extension.swift */; };
		0EEF6DA229D611FE00E14AEC /* UIImageView+Extension.swift in Sources */ = {isa = PBXBuildFile; fileRef = 0EEF6DA129D611FE00E14AEC /* UIImageView+Extension.swift */; };
		0EEF6DA429D6122F00E14AEC /* Data+Extension.swift in Sources */ = {isa = PBXBuildFile; fileRef = 0EEF6DA329D6122F00E14AEC /* Data+Extension.swift */; };
		0EEF6DA629D6124500E14AEC /* URL+Extension.swift in Sources */ = {isa = PBXBuildFile; fileRef = 0EEF6DA529D6124500E14AEC /* URL+Extension.swift */; };
		6E1341B4280605060092B126 /* AppDelegate.swift in Sources */ = {isa = PBXBuildFile; fileRef = 6E1341B3280605060092B126 /* AppDelegate.swift */; };
		6E1341B6280605060092B126 /* SceneDelegate.swift in Sources */ = {isa = PBXBuildFile; fileRef = 6E1341B5280605060092B126 /* SceneDelegate.swift */; };
		6E1341B8280605060092B126 /* CatalogViewController.swift in Sources */ = {isa = PBXBuildFile; fileRef = 6E1341B7280605060092B126 /* CatalogViewController.swift */; };
		6E1341BB280605060092B126 /* Main.storyboard in Resources */ = {isa = PBXBuildFile; fileRef = 6E1341B9280605060092B126 /* Main.storyboard */; };
		6E1341C0280605070092B126 /* LaunchScreen.storyboard in Resources */ = {isa = PBXBuildFile; fileRef = 6E1341BE280605070092B126 /* LaunchScreen.storyboard */; };
		6E1341CB280605070092B126 /* ShoppingAppTests.swift in Sources */ = {isa = PBXBuildFile; fileRef = 6E1341CA280605070092B126 /* ShoppingAppTests.swift */; };
		6E1341D5280605070092B126 /* ShoppingAppUITests.swift in Sources */ = {isa = PBXBuildFile; fileRef = 6E1341D4280605070092B126 /* ShoppingAppUITests.swift */; };
		6E1341D7280605070092B126 /* ShoppingAppUITestsLaunchTests.swift in Sources */ = {isa = PBXBuildFile; fileRef = 6E1341D6280605070092B126 /* ShoppingAppUITestsLaunchTests.swift */; };
/* End PBXBuildFile section */

/* Begin PBXContainerItemProxy section */
		6E1341C7280605070092B126 /* PBXContainerItemProxy */ = {
			isa = PBXContainerItemProxy;
			containerPortal = 6E1341A8280605060092B126 /* Project object */;
			proxyType = 1;
			remoteGlobalIDString = 6E1341AF280605060092B126;
			remoteInfo = ShoppingApp;
		};
		6E1341D1280605070092B126 /* PBXContainerItemProxy */ = {
			isa = PBXContainerItemProxy;
			containerPortal = 6E1341A8280605060092B126 /* Project object */;
			proxyType = 1;
			remoteGlobalIDString = 6E1341AF280605060092B126;
			remoteInfo = ShoppingApp;
		};
/* End PBXContainerItemProxy section */

/* Begin PBXFileReference section */
		0EEF6D7129D60F9500E14AEC /* Assets.xcassets */ = {isa = PBXFileReference; lastKnownFileType = folder.assetcatalog; path = Assets.xcassets; sourceTree = "<group>"; };
		0EEF6D7329D60FD800E14AEC /* ItemModel.swift */ = {isa = PBXFileReference; lastKnownFileType = sourcecode.swift; path = ItemModel.swift; sourceTree = "<group>"; };
		0EEF6D7529D60FED00E14AEC /* ItemView.swift */ = {isa = PBXFileReference; lastKnownFileType = sourcecode.swift; path = ItemView.swift; sourceTree = "<group>"; };
		0EEF6D7729D6100000E14AEC /* ItemUpdateView.swift */ = {isa = PBXFileReference; lastKnownFileType = sourcecode.swift; path = ItemUpdateView.swift; sourceTree = "<group>"; };
		0EEF6D7929D6102F00E14AEC /* DetailViewController.swift */ = {isa = PBXFileReference; lastKnownFileType = sourcecode.swift; path = DetailViewController.swift; sourceTree = "<group>"; };
		0EEF6D7B29D6104100E14AEC /* CartViewController.swift */ = {isa = PBXFileReference; lastKnownFileType = sourcecode.swift; path = CartViewController.swift; sourceTree = "<group>"; };
		0EEF6D7D29D6105400E14AEC /* CatalogCollectionViewCell.swift */ = {isa = PBXFileReference; lastKnownFileType = sourcecode.swift; path = CatalogCollectionViewCell.swift; sourceTree = "<group>"; };
		0EEF6D7F29D6106300E14AEC /* CartTableViewCell.swift */ = {isa = PBXFileReference; lastKnownFileType = sourcecode.swift; path = CartTableViewCell.swift; sourceTree = "<group>"; };
		0EEF6D8129D6107F00E14AEC /* CatalogViewModel.swift */ = {isa = PBXFileReference; lastKnownFileType = sourcecode.swift; path = CatalogViewModel.swift; sourceTree = "<group>"; };
		0EEF6D8329D6108F00E14AEC /* DetailViewModel.swift */ = {isa = PBXFileReference; lastKnownFileType = sourcecode.swift; path = DetailViewModel.swift; sourceTree = "<group>"; };
		0EEF6D8529D610A100E14AEC /* CartViewModel.swift */ = {isa = PBXFileReference; lastKnownFileType = sourcecode.swift; path = CartViewModel.swift; sourceTree = "<group>"; };
		0EEF6D8729D610BC00E14AEC /* NetworkManager.swift */ = {isa = PBXFileReference; lastKnownFileType = sourcecode.swift; path = NetworkManager.swift; sourceTree = "<group>"; };
		0EEF6D8929D610CD00E14AEC /* ImageManager.swift */ = {isa = PBXFileReference; lastKnownFileType = sourcecode.swift; path = ImageManager.swift; sourceTree = "<group>"; };
		0EEF6D8B29D610DD00E14AEC /* CartDataManager.swift */ = {isa = PBXFileReference; lastKnownFileType = sourcecode.swift; path = CartDataManager.swift; sourceTree = "<group>"; };
		0EEF6D8D29D610EE00E14AEC /* CatalogDataManager.swift */ = {isa = PBXFileReference; lastKnownFileType = sourcecode.swift; path = CatalogDataManager.swift; sourceTree = "<group>"; };
		0EEF6D8F29D6110D00E14AEC /* UsesAutoLayout.swift */ = {isa = PBXFileReference; lastKnownFileType = sourcecode.swift; path = UsesAutoLayout.swift; sourceTree = "<group>"; };
		0EEF6D9129D6112000E14AEC /* Constant.swift */ = {isa = PBXFileReference; lastKnownFileType = sourcecode.swift; path = Constant.swift; sourceTree = "<group>"; };
		0EEF6D9329D6113A00E14AEC /* ReusableViewProtocol.swift */ = {isa = PBXFileReference; lastKnownFileType = sourcecode.swift; path = ReusableViewProtocol.swift; sourceTree = "<group>"; };
		0EEF6D9529D6117A00E14AEC /* UIViewController+Extension.swift */ = {isa = PBXFileReference; lastKnownFileType = sourcecode.swift; path = "UIViewController+Extension.swift"; sourceTree = "<group>"; };
		0EEF6D9729D6119400E14AEC /* UICollectionView+Extension.swift */ = {isa = PBXFileReference; lastKnownFileType = sourcecode.swift; path = "UICollectionView+Extension.swift"; sourceTree = "<group>"; };
		0EEF6D9929D611A300E14AEC /* UICollectionViewCell+Extension.swift */ = {isa = PBXFileReference; lastKnownFileType = sourcecode.swift; path = "UICollectionViewCell+Extension.swift"; sourceTree = "<group>"; };
		0EEF6D9B29D611C200E14AEC /* UITableView+Extension.swift */ = {isa = PBXFileReference; lastKnownFileType = sourcecode.swift; path = "UITableView+Extension.swift"; sourceTree = "<group>"; };
		0EEF6D9D29D611D100E14AEC /* UITableViewCell+Extension.swift */ = {isa = PBXFileReference; lastKnownFileType = sourcecode.swift; path = "UITableViewCell+Extension.swift"; sourceTree = "<group>"; };
		0EEF6D9F29D611E100E14AEC /* UIView+Extension.swift */ = {isa = PBXFileReference; lastKnownFileType = sourcecode.swift; path = "UIView+Extension.swift"; sourceTree = "<group>"; };
		0EEF6DA129D611FE00E14AEC /* UIImageView+Extension.swift */ = {isa = PBXFileReference; lastKnownFileType = sourcecode.swift; path = "UIImageView+Extension.swift"; sourceTree = "<group>"; };
		0EEF6DA329D6122F00E14AEC /* Data+Extension.swift */ = {isa = PBXFileReference; lastKnownFileType = sourcecode.swift; path = "Data+Extension.swift"; sourceTree = "<group>"; };
		0EEF6DA529D6124500E14AEC /* URL+Extension.swift */ = {isa = PBXFileReference; lastKnownFileType = sourcecode.swift; path = "URL+Extension.swift"; sourceTree = "<group>"; };
		6E1341B0280605060092B126 /* ShoppingApp.app */ = {isa = PBXFileReference; explicitFileType = wrapper.application; includeInIndex = 0; path = ShoppingApp.app; sourceTree = BUILT_PRODUCTS_DIR; };
		6E1341B3280605060092B126 /* AppDelegate.swift */ = {isa = PBXFileReference; lastKnownFileType = sourcecode.swift; path = AppDelegate.swift; sourceTree = "<group>"; };
		6E1341B5280605060092B126 /* SceneDelegate.swift */ = {isa = PBXFileReference; lastKnownFileType = sourcecode.swift; path = SceneDelegate.swift; sourceTree = "<group>"; };
		6E1341B7280605060092B126 /* CatalogViewController.swift */ = {isa = PBXFileReference; lastKnownFileType = sourcecode.swift; path = CatalogViewController.swift; sourceTree = "<group>"; };
		6E1341BA280605060092B126 /* Base */ = {isa = PBXFileReference; lastKnownFileType = file.storyboard; name = Base; path = Base.lproj/Main.storyboard; sourceTree = "<group>"; };
		6E1341BF280605070092B126 /* Base */ = {isa = PBXFileReference; lastKnownFileType = file.storyboard; name = Base; path = Base.lproj/LaunchScreen.storyboard; sourceTree = "<group>"; };
		6E1341C1280605070092B126 /* Info.plist */ = {isa = PBXFileReference; lastKnownFileType = text.plist.xml; path = Info.plist; sourceTree = "<group>"; };
		6E1341C6280605070092B126 /* ShoppingAppTests.xctest */ = {isa = PBXFileReference; explicitFileType = wrapper.cfbundle; includeInIndex = 0; path = ShoppingAppTests.xctest; sourceTree = BUILT_PRODUCTS_DIR; };
		6E1341CA280605070092B126 /* ShoppingAppTests.swift */ = {isa = PBXFileReference; lastKnownFileType = sourcecode.swift; path = ShoppingAppTests.swift; sourceTree = "<group>"; };
		6E1341D0280605070092B126 /* ShoppingAppUITests.xctest */ = {isa = PBXFileReference; explicitFileType = wrapper.cfbundle; includeInIndex = 0; path = ShoppingAppUITests.xctest; sourceTree = BUILT_PRODUCTS_DIR; };
		6E1341D4280605070092B126 /* ShoppingAppUITests.swift */ = {isa = PBXFileReference; lastKnownFileType = sourcecode.swift; path = ShoppingAppUITests.swift; sourceTree = "<group>"; };
		6E1341D6280605070092B126 /* ShoppingAppUITestsLaunchTests.swift */ = {isa = PBXFileReference; lastKnownFileType = sourcecode.swift; path = ShoppingAppUITestsLaunchTests.swift; sourceTree = "<group>"; };
/* End PBXFileReference section */

/* Begin PBXFrameworksBuildPhase section */
		6E1341AD280605060092B126 /* Frameworks */ = {
			isa = PBXFrameworksBuildPhase;
			buildActionMask = 2147483647;
			files = (
			);
			runOnlyForDeploymentPostprocessing = 0;
		};
		6E1341C3280605070092B126 /* Frameworks */ = {
			isa = PBXFrameworksBuildPhase;
			buildActionMask = 2147483647;
			files = (
			);
			runOnlyForDeploymentPostprocessing = 0;
		};
		6E1341CD280605070092B126 /* Frameworks */ = {
			isa = PBXFrameworksBuildPhase;
			buildActionMask = 2147483647;
			files = (
			);
			runOnlyForDeploymentPostprocessing = 0;
		};
/* End PBXFrameworksBuildPhase section */

/* Begin PBXGroup section */
		0EEF6D6729D60E1700E14AEC /* Helper */ = {
			isa = PBXGroup;
			children = (
				0EEF6D8F29D6110D00E14AEC /* UsesAutoLayout.swift */,
				0EEF6D9129D6112000E14AEC /* Constant.swift */,
			);
			path = Helper;
			sourceTree = "<group>";
		};
		0EEF6D6829D60E1F00E14AEC /* Protocol */ = {
			isa = PBXGroup;
			children = (
				0EEF6D9329D6113A00E14AEC /* ReusableViewProtocol.swift */,
			);
			path = Protocol;
			sourceTree = "<group>";
		};
		0EEF6D6929D60EC000E14AEC /* Extension */ = {
			isa = PBXGroup;
			children = (
				0EEF6D9529D6117A00E14AEC /* UIViewController+Extension.swift */,
				0EEF6D9729D6119400E14AEC /* UICollectionView+Extension.swift */,
				0EEF6D9929D611A300E14AEC /* UICollectionViewCell+Extension.swift */,
				0EEF6D9B29D611C200E14AEC /* UITableView+Extension.swift */,
				0EEF6D9D29D611D100E14AEC /* UITableViewCell+Extension.swift */,
				0EEF6D9F29D611E100E14AEC /* UIView+Extension.swift */,
				0EEF6DA129D611FE00E14AEC /* UIImageView+Extension.swift */,
				0EEF6DA329D6122F00E14AEC /* Data+Extension.swift */,
				0EEF6DA529D6124500E14AEC /* URL+Extension.swift */,
			);
			path = Extension;
			sourceTree = "<group>";
		};
		0EEF6D6A29D60ECA00E14AEC /* Manager */ = {
			isa = PBXGroup;
			children = (
				0EEF6D8729D610BC00E14AEC /* NetworkManager.swift */,
				0EEF6D8929D610CD00E14AEC /* ImageManager.swift */,
				0EEF6D8B29D610DD00E14AEC /* CartDataManager.swift */,
				0EEF6D8D29D610EE00E14AEC /* CatalogDataManager.swift */,
			);
			path = Manager;
			sourceTree = "<group>";
		};
		0EEF6D6B29D60ED500E14AEC /* ViewModel */ = {
			isa = PBXGroup;
			children = (
				0EEF6D8129D6107F00E14AEC /* CatalogViewModel.swift */,
				0EEF6D8329D6108F00E14AEC /* DetailViewModel.swift */,
				0EEF6D8529D610A100E14AEC /* CartViewModel.swift */,
			);
			path = ViewModel;
			sourceTree = "<group>";
		};
		0EEF6D6C29D60EDE00E14AEC /* View */ = {
			isa = PBXGroup;
			children = (
				0EEF6D7529D60FED00E14AEC /* ItemView.swift */,
				0EEF6D7729D6100000E14AEC /* ItemUpdateView.swift */,
				0EEF6D7029D60EFF00E14AEC /* Controller */,
				0EEF6D6F29D60EF400E14AEC /* Cell */,
			);
			path = View;
			sourceTree = "<group>";
		};
		0EEF6D6D29D60EE600E14AEC /* Model */ = {
			isa = PBXGroup;
			children = (
				0EEF6D7329D60FD800E14AEC /* ItemModel.swift */,
			);
			path = Model;
			sourceTree = "<group>";
		};
		0EEF6D6E29D60EEB00E14AEC /* App */ = {
			isa = PBXGroup;
			children = (
				6E1341B3280605060092B126 /* AppDelegate.swift */,
				6E1341B5280605060092B126 /* SceneDelegate.swift */,
			);
			path = App;
			sourceTree = "<group>";
		};
		0EEF6D6F29D60EF400E14AEC /* Cell */ = {
			isa = PBXGroup;
			children = (
				0EEF6D7D29D6105400E14AEC /* CatalogCollectionViewCell.swift */,
				0EEF6D7F29D6106300E14AEC /* CartTableViewCell.swift */,
			);
			path = Cell;
			sourceTree = "<group>";
		};
		0EEF6D7029D60EFF00E14AEC /* Controller */ = {
			isa = PBXGroup;
			children = (
				6E1341B7280605060092B126 /* CatalogViewController.swift */,
				0EEF6D7929D6102F00E14AEC /* DetailViewController.swift */,
				0EEF6D7B29D6104100E14AEC /* CartViewController.swift */,
			);
			path = Controller;
			sourceTree = "<group>";
		};
		6E1341A7280605060092B126 = {
			isa = PBXGroup;
			children = (
				6E1341B2280605060092B126 /* ShoppingApp */,
				6E1341C9280605070092B126 /* ShoppingAppTests */,
				6E1341D3280605070092B126 /* ShoppingAppUITests */,
				6E1341B1280605060092B126 /* Products */,
			);
			sourceTree = "<group>";
		};
		6E1341B1280605060092B126 /* Products */ = {
			isa = PBXGroup;
			children = (
				6E1341B0280605060092B126 /* ShoppingApp.app */,
				6E1341C6280605070092B126 /* ShoppingAppTests.xctest */,
				6E1341D0280605070092B126 /* ShoppingAppUITests.xctest */,
			);
			name = Products;
			sourceTree = "<group>";
		};
		6E1341B2280605060092B126 /* ShoppingApp */ = {
			isa = PBXGroup;
			children = (
				0EEF6D6E29D60EEB00E14AEC /* App */,
				0EEF6D6D29D60EE600E14AEC /* Model */,
				0EEF6D6C29D60EDE00E14AEC /* View */,
				0EEF6D6B29D60ED500E14AEC /* ViewModel */,
				0EEF6D6A29D60ECA00E14AEC /* Manager */,
				0EEF6D6929D60EC000E14AEC /* Extension */,
				0EEF6D6829D60E1F00E14AEC /* Protocol */,
				0EEF6D6729D60E1700E14AEC /* Helper */,
				6E1341B9280605060092B126 /* Main.storyboard */,
				6E1341BE280605070092B126 /* LaunchScreen.storyboard */,
				6E1341C1280605070092B126 /* Info.plist */,
				0EEF6D7129D60F9500E14AEC /* Assets.xcassets */,
			);
			path = ShoppingApp;
			sourceTree = "<group>";
		};
		6E1341C9280605070092B126 /* ShoppingAppTests */ = {
			isa = PBXGroup;
			children = (
				6E1341CA280605070092B126 /* ShoppingAppTests.swift */,
			);
			path = ShoppingAppTests;
			sourceTree = "<group>";
		};
		6E1341D3280605070092B126 /* ShoppingAppUITests */ = {
			isa = PBXGroup;
			children = (
				6E1341D4280605070092B126 /* ShoppingAppUITests.swift */,
				6E1341D6280605070092B126 /* ShoppingAppUITestsLaunchTests.swift */,
			);
			path = ShoppingAppUITests;
			sourceTree = "<group>";
		};
/* End PBXGroup section */

/* Begin PBXNativeTarget section */
		6E1341AF280605060092B126 /* ShoppingApp */ = {
			isa = PBXNativeTarget;
			buildConfigurationList = 6E1341DA280605070092B126 /* Build configuration list for PBXNativeTarget "ShoppingApp" */;
			buildPhases = (
				6E1341AC280605060092B126 /* Sources */,
				6E1341AD280605060092B126 /* Frameworks */,
				6E1341AE280605060092B126 /* Resources */,
			);
			buildRules = (
			);
			dependencies = (
			);
			name = ShoppingApp;
			productName = ShoppingApp;
			productReference = 6E1341B0280605060092B126 /* ShoppingApp.app */;
			productType = "com.apple.product-type.application";
		};
		6E1341C5280605070092B126 /* ShoppingAppTests */ = {
			isa = PBXNativeTarget;
			buildConfigurationList = 6E1341DD280605070092B126 /* Build configuration list for PBXNativeTarget "ShoppingAppTests" */;
			buildPhases = (
				6E1341C2280605070092B126 /* Sources */,
				6E1341C3280605070092B126 /* Frameworks */,
				6E1341C4280605070092B126 /* Resources */,
			);
			buildRules = (
			);
			dependencies = (
				6E1341C8280605070092B126 /* PBXTargetDependency */,
			);
			name = ShoppingAppTests;
			productName = ShoppingAppTests;
			productReference = 6E1341C6280605070092B126 /* ShoppingAppTests.xctest */;
			productType = "com.apple.product-type.bundle.unit-test";
		};
		6E1341CF280605070092B126 /* ShoppingAppUITests */ = {
			isa = PBXNativeTarget;
			buildConfigurationList = 6E1341E0280605070092B126 /* Build configuration list for PBXNativeTarget "ShoppingAppUITests" */;
			buildPhases = (
				6E1341CC280605070092B126 /* Sources */,
				6E1341CD280605070092B126 /* Frameworks */,
				6E1341CE280605070092B126 /* Resources */,
			);
			buildRules = (
			);
			dependencies = (
				6E1341D2280605070092B126 /* PBXTargetDependency */,
			);
			name = ShoppingAppUITests;
			productName = ShoppingAppUITests;
			productReference = 6E1341D0280605070092B126 /* ShoppingAppUITests.xctest */;
			productType = "com.apple.product-type.bundle.ui-testing";
		};
/* End PBXNativeTarget section */

/* Begin PBXProject section */
		6E1341A8280605060092B126 /* Project object */ = {
			isa = PBXProject;
			attributes = {
				BuildIndependentTargetsInParallel = 1;
				LastSwiftUpdateCheck = 1320;
				LastUpgradeCheck = 1320;
				TargetAttributes = {
					6E1341AF280605060092B126 = {
						CreatedOnToolsVersion = 13.2.1;
					};
					6E1341C5280605070092B126 = {
						CreatedOnToolsVersion = 13.2.1;
						TestTargetID = 6E1341AF280605060092B126;
					};
					6E1341CF280605070092B126 = {
						CreatedOnToolsVersion = 13.2.1;
						TestTargetID = 6E1341AF280605060092B126;
					};
				};
			};
			buildConfigurationList = 6E1341AB280605060092B126 /* Build configuration list for PBXProject "ShoppingApp" */;
			compatibilityVersion = "Xcode 13.0";
			developmentRegion = en;
			hasScannedForEncodings = 0;
			knownRegions = (
				en,
				Base,
			);
			mainGroup = 6E1341A7280605060092B126;
			productRefGroup = 6E1341B1280605060092B126 /* Products */;
			projectDirPath = "";
			projectRoot = "";
			targets = (
				6E1341AF280605060092B126 /* ShoppingApp */,
				6E1341C5280605070092B126 /* ShoppingAppTests */,
				6E1341CF280605070092B126 /* ShoppingAppUITests */,
			);
		};
/* End PBXProject section */

/* Begin PBXResourcesBuildPhase section */
		6E1341AE280605060092B126 /* Resources */ = {
			isa = PBXResourcesBuildPhase;
			buildActionMask = 2147483647;
			files = (
				6E1341C0280605070092B126 /* LaunchScreen.storyboard in Resources */,
				0EEF6D7229D60F9600E14AEC /* Assets.xcassets in Resources */,
				6E1341BB280605060092B126 /* Main.storyboard in Resources */,
			);
			runOnlyForDeploymentPostprocessing = 0;
		};
		6E1341C4280605070092B126 /* Resources */ = {
			isa = PBXResourcesBuildPhase;
			buildActionMask = 2147483647;
			files = (
			);
			runOnlyForDeploymentPostprocessing = 0;
		};
		6E1341CE280605070092B126 /* Resources */ = {
			isa = PBXResourcesBuildPhase;
			buildActionMask = 2147483647;
			files = (
			);
			runOnlyForDeploymentPostprocessing = 0;
		};
/* End PBXResourcesBuildPhase section */

/* Begin PBXSourcesBuildPhase section */
		6E1341AC280605060092B126 /* Sources */ = {
			isa = PBXSourcesBuildPhase;
			buildActionMask = 2147483647;
			files = (
				0EEF6D8229D6107F00E14AEC /* CatalogViewModel.swift in Sources */,
				0EEF6DA429D6122F00E14AEC /* Data+Extension.swift in Sources */,
				0EEF6D9E29D611D100E14AEC /* UITableViewCell+Extension.swift in Sources */,
				0EEF6D9429D6113A00E14AEC /* ReusableViewProtocol.swift in Sources */,
				6E1341B8280605060092B126 /* CatalogViewController.swift in Sources */,
				0EEF6DA629D6124500E14AEC /* URL+Extension.swift in Sources */,
				0EEF6D7E29D6105400E14AEC /* CatalogCollectionViewCell.swift in Sources */,
				0EEF6D8629D610A100E14AEC /* CartViewModel.swift in Sources */,
				6E1341B4280605060092B126 /* AppDelegate.swift in Sources */,
				0EEF6D7429D60FD800E14AEC /* ItemModel.swift in Sources */,
				0EEF6D9A29D611A300E14AEC /* UICollectionViewCell+Extension.swift in Sources */,
				0EEF6D8A29D610CD00E14AEC /* ImageManager.swift in Sources */,
				0EEF6D7629D60FED00E14AEC /* ItemView.swift in Sources */,
				0EEF6D9229D6112000E14AEC /* Constant.swift in Sources */,
				0EEF6DA229D611FE00E14AEC /* UIImageView+Extension.swift in Sources */,
				0EEF6D7C29D6104100E14AEC /* CartViewController.swift in Sources */,
				0EEF6D8429D6108F00E14AEC /* DetailViewModel.swift in Sources */,
				0EEF6DA029D611E100E14AEC /* UIView+Extension.swift in Sources */,
				0EEF6D9829D6119400E14AEC /* UICollectionView+Extension.swift in Sources */,
				0EEF6D9029D6110D00E14AEC /* UsesAutoLayout.swift in Sources */,
				0EEF6D8E29D610EE00E14AEC /* CatalogDataManager.swift in Sources */,
				0EEF6D7829D6100000E14AEC /* ItemUpdateView.swift in Sources */,
				0EEF6D8829D610BC00E14AEC /* NetworkManager.swift in Sources */,
				0EEF6D8029D6106300E14AEC /* CartTableViewCell.swift in Sources */,
				6E1341B6280605060092B126 /* SceneDelegate.swift in Sources */,
				0EEF6D9629D6117A00E14AEC /* UIViewController+Extension.swift in Sources */,
				0EEF6D7A29D6102F00E14AEC /* DetailViewController.swift in Sources */,
				0EEF6D8C29D610DD00E14AEC /* CartDataManager.swift in Sources */,
				0EEF6D9C29D611C200E14AEC /* UITableView+Extension.swift in Sources */,
			);
			runOnlyForDeploymentPostprocessing = 0;
		};
		6E1341C2280605070092B126 /* Sources */ = {
			isa = PBXSourcesBuildPhase;
			buildActionMask = 2147483647;
			files = (
				6E1341CB280605070092B126 /* ShoppingAppTests.swift in Sources */,
			);
			runOnlyForDeploymentPostprocessing = 0;
		};
		6E1341CC280605070092B126 /* Sources */ = {
			isa = PBXSourcesBuildPhase;
			buildActionMask = 2147483647;
			files = (
				6E1341D7280605070092B126 /* ShoppingAppUITestsLaunchTests.swift in Sources */,
				6E1341D5280605070092B126 /* ShoppingAppUITests.swift in Sources */,
			);
			runOnlyForDeploymentPostprocessing = 0;
		};
/* End PBXSourcesBuildPhase section */

/* Begin PBXTargetDependency section */
		6E1341C8280605070092B126 /* PBXTargetDependency */ = {
			isa = PBXTargetDependency;
			target = 6E1341AF280605060092B126 /* ShoppingApp */;
			targetProxy = 6E1341C7280605070092B126 /* PBXContainerItemProxy */;
		};
		6E1341D2280605070092B126 /* PBXTargetDependency */ = {
			isa = PBXTargetDependency;
			target = 6E1341AF280605060092B126 /* ShoppingApp */;
			targetProxy = 6E1341D1280605070092B126 /* PBXContainerItemProxy */;
		};
/* End PBXTargetDependency section */

/* Begin PBXVariantGroup section */
		6E1341B9280605060092B126 /* Main.storyboard */ = {
			isa = PBXVariantGroup;
			children = (
				6E1341BA280605060092B126 /* Base */,
			);
			name = Main.storyboard;
			sourceTree = "<group>";
		};
		6E1341BE280605070092B126 /* LaunchScreen.storyboard */ = {
			isa = PBXVariantGroup;
			children = (
				6E1341BF280605070092B126 /* Base */,
			);
			name = LaunchScreen.storyboard;
			sourceTree = "<group>";
		};
/* End PBXVariantGroup section */

/* Begin XCBuildConfiguration section */
		6E1341D8280605070092B126 /* Debug */ = {
			isa = XCBuildConfiguration;
			buildSettings = {
				ALWAYS_SEARCH_USER_PATHS = NO;
				CLANG_ANALYZER_NONNULL = YES;
				CLANG_ANALYZER_NUMBER_OBJECT_CONVERSION = YES_AGGRESSIVE;
				CLANG_CXX_LANGUAGE_STANDARD = "gnu++17";
				CLANG_CXX_LIBRARY = "libc++";
				CLANG_ENABLE_MODULES = YES;
				CLANG_ENABLE_OBJC_ARC = YES;
				CLANG_ENABLE_OBJC_WEAK = YES;
				CLANG_WARN_BLOCK_CAPTURE_AUTORELEASING = YES;
				CLANG_WARN_BOOL_CONVERSION = YES;
				CLANG_WARN_COMMA = YES;
				CLANG_WARN_CONSTANT_CONVERSION = YES;
				CLANG_WARN_DEPRECATED_OBJC_IMPLEMENTATIONS = YES;
				CLANG_WARN_DIRECT_OBJC_ISA_USAGE = YES_ERROR;
				CLANG_WARN_DOCUMENTATION_COMMENTS = YES;
				CLANG_WARN_EMPTY_BODY = YES;
				CLANG_WARN_ENUM_CONVERSION = YES;
				CLANG_WARN_INFINITE_RECURSION = YES;
				CLANG_WARN_INT_CONVERSION = YES;
				CLANG_WARN_NON_LITERAL_NULL_CONVERSION = YES;
				CLANG_WARN_OBJC_IMPLICIT_RETAIN_SELF = YES;
				CLANG_WARN_OBJC_LITERAL_CONVERSION = YES;
				CLANG_WARN_OBJC_ROOT_CLASS = YES_ERROR;
				CLANG_WARN_QUOTED_INCLUDE_IN_FRAMEWORK_HEADER = YES;
				CLANG_WARN_RANGE_LOOP_ANALYSIS = YES;
				CLANG_WARN_STRICT_PROTOTYPES = YES;
				CLANG_WARN_SUSPICIOUS_MOVE = YES;
				CLANG_WARN_UNGUARDED_AVAILABILITY = YES_AGGRESSIVE;
				CLANG_WARN_UNREACHABLE_CODE = YES;
				CLANG_WARN__DUPLICATE_METHOD_MATCH = YES;
				COPY_PHASE_STRIP = NO;
				DEBUG_INFORMATION_FORMAT = dwarf;
				ENABLE_STRICT_OBJC_MSGSEND = YES;
				ENABLE_TESTABILITY = YES;
				GCC_C_LANGUAGE_STANDARD = gnu11;
				GCC_DYNAMIC_NO_PIC = NO;
				GCC_NO_COMMON_BLOCKS = YES;
				GCC_OPTIMIZATION_LEVEL = 0;
				GCC_PREPROCESSOR_DEFINITIONS = (
					"DEBUG=1",
					"$(inherited)",
				);
				GCC_WARN_64_TO_32_BIT_CONVERSION = YES;
				GCC_WARN_ABOUT_RETURN_TYPE = YES_ERROR;
				GCC_WARN_UNDECLARED_SELECTOR = YES;
				GCC_WARN_UNINITIALIZED_AUTOS = YES_AGGRESSIVE;
				GCC_WARN_UNUSED_FUNCTION = YES;
				GCC_WARN_UNUSED_VARIABLE = YES;
				IPHONEOS_DEPLOYMENT_TARGET = 15.2;
				MTL_ENABLE_DEBUG_INFO = INCLUDE_SOURCE;
				MTL_FAST_MATH = YES;
				ONLY_ACTIVE_ARCH = YES;
				SDKROOT = iphoneos;
				SWIFT_ACTIVE_COMPILATION_CONDITIONS = DEBUG;
				SWIFT_OPTIMIZATION_LEVEL = "-Onone";
			};
			name = Debug;
		};
		6E1341D9280605070092B126 /* Release */ = {
			isa = XCBuildConfiguration;
			buildSettings = {
				ALWAYS_SEARCH_USER_PATHS = NO;
				CLANG_ANALYZER_NONNULL = YES;
				CLANG_ANALYZER_NUMBER_OBJECT_CONVERSION = YES_AGGRESSIVE;
				CLANG_CXX_LANGUAGE_STANDARD = "gnu++17";
				CLANG_CXX_LIBRARY = "libc++";
				CLANG_ENABLE_MODULES = YES;
				CLANG_ENABLE_OBJC_ARC = YES;
				CLANG_ENABLE_OBJC_WEAK = YES;
				CLANG_WARN_BLOCK_CAPTURE_AUTORELEASING = YES;
				CLANG_WARN_BOOL_CONVERSION = YES;
				CLANG_WARN_COMMA = YES;
				CLANG_WARN_CONSTANT_CONVERSION = YES;
				CLANG_WARN_DEPRECATED_OBJC_IMPLEMENTATIONS = YES;
				CLANG_WARN_DIRECT_OBJC_ISA_USAGE = YES_ERROR;
				CLANG_WARN_DOCUMENTATION_COMMENTS = YES;
				CLANG_WARN_EMPTY_BODY = YES;
				CLANG_WARN_ENUM_CONVERSION = YES;
				CLANG_WARN_INFINITE_RECURSION = YES;
				CLANG_WARN_INT_CONVERSION = YES;
				CLANG_WARN_NON_LITERAL_NULL_CONVERSION = YES;
				CLANG_WARN_OBJC_IMPLICIT_RETAIN_SELF = YES;
				CLANG_WARN_OBJC_LITERAL_CONVERSION = YES;
				CLANG_WARN_OBJC_ROOT_CLASS = YES_ERROR;
				CLANG_WARN_QUOTED_INCLUDE_IN_FRAMEWORK_HEADER = YES;
				CLANG_WARN_RANGE_LOOP_ANALYSIS = YES;
				CLANG_WARN_STRICT_PROTOTYPES = YES;
				CLANG_WARN_SUSPICIOUS_MOVE = YES;
				CLANG_WARN_UNGUARDED_AVAILABILITY = YES_AGGRESSIVE;
				CLANG_WARN_UNREACHABLE_CODE = YES;
				CLANG_WARN__DUPLICATE_METHOD_MATCH = YES;
				COPY_PHASE_STRIP = NO;
				DEBUG_INFORMATION_FORMAT = "dwarf-with-dsym";
				ENABLE_NS_ASSERTIONS = NO;
				ENABLE_STRICT_OBJC_MSGSEND = YES;
				GCC_C_LANGUAGE_STANDARD = gnu11;
				GCC_NO_COMMON_BLOCKS = YES;
				GCC_WARN_64_TO_32_BIT_CONVERSION = YES;
				GCC_WARN_ABOUT_RETURN_TYPE = YES_ERROR;
				GCC_WARN_UNDECLARED_SELECTOR = YES;
				GCC_WARN_UNINITIALIZED_AUTOS = YES_AGGRESSIVE;
				GCC_WARN_UNUSED_FUNCTION = YES;
				GCC_WARN_UNUSED_VARIABLE = YES;
				IPHONEOS_DEPLOYMENT_TARGET = 15.2;
				MTL_ENABLE_DEBUG_INFO = NO;
				MTL_FAST_MATH = YES;
				SDKROOT = iphoneos;
				SWIFT_COMPILATION_MODE = wholemodule;
				SWIFT_OPTIMIZATION_LEVEL = "-O";
				VALIDATE_PRODUCT = YES;
			};
			name = Release;
		};
		6E1341DB280605070092B126 /* Debug */ = {
			isa = XCBuildConfiguration;
			buildSettings = {
				ASSETCATALOG_COMPILER_APPICON_NAME = AppIcon;
				ASSETCATALOG_COMPILER_GLOBAL_ACCENT_COLOR_NAME = AccentColor;
				CODE_SIGN_STYLE = Automatic;
				CURRENT_PROJECT_VERSION = 1;
				GENERATE_INFOPLIST_FILE = YES;
				INFOPLIST_FILE = ShoppingApp/Info.plist;
				INFOPLIST_KEY_UIApplicationSupportsIndirectInputEvents = YES;
				INFOPLIST_KEY_UILaunchStoryboardName = LaunchScreen;
				INFOPLIST_KEY_UIMainStoryboardFile = Main;
				INFOPLIST_KEY_UISupportedInterfaceOrientations_iPad = "UIInterfaceOrientationPortrait UIInterfaceOrientationPortraitUpsideDown UIInterfaceOrientationLandscapeLeft UIInterfaceOrientationLandscapeRight";
				INFOPLIST_KEY_UISupportedInterfaceOrientations_iPhone = "UIInterfaceOrientationPortrait UIInterfaceOrientationLandscapeLeft UIInterfaceOrientationLandscapeRight";
				LD_RUNPATH_SEARCH_PATHS = (
					"$(inherited)",
					"@executable_path/Frameworks",
				);
				MARKETING_VERSION = 1.0;
				PRODUCT_BUNDLE_IDENTIFIER = com.getir.ShoppingApp;
				PRODUCT_NAME = "$(TARGET_NAME)";
				SWIFT_EMIT_LOC_STRINGS = YES;
				SWIFT_VERSION = 5.0;
				TARGETED_DEVICE_FAMILY = "1,2";
			};
			name = Debug;
		};
		6E1341DC280605070092B126 /* Release */ = {
			isa = XCBuildConfiguration;
			buildSettings = {
				ASSETCATALOG_COMPILER_APPICON_NAME = AppIcon;
				ASSETCATALOG_COMPILER_GLOBAL_ACCENT_COLOR_NAME = AccentColor;
				CODE_SIGN_STYLE = Automatic;
				CURRENT_PROJECT_VERSION = 1;
				GENERATE_INFOPLIST_FILE = YES;
				INFOPLIST_FILE = ShoppingApp/Info.plist;
				INFOPLIST_KEY_UIApplicationSupportsIndirectInputEvents = YES;
				INFOPLIST_KEY_UILaunchStoryboardName = LaunchScreen;
				INFOPLIST_KEY_UIMainStoryboardFile = Main;
				INFOPLIST_KEY_UISupportedInterfaceOrientations_iPad = "UIInterfaceOrientationPortrait UIInterfaceOrientationPortraitUpsideDown UIInterfaceOrientationLandscapeLeft UIInterfaceOrientationLandscapeRight";
				INFOPLIST_KEY_UISupportedInterfaceOrientations_iPhone = "UIInterfaceOrientationPortrait UIInterfaceOrientationLandscapeLeft UIInterfaceOrientationLandscapeRight";
				LD_RUNPATH_SEARCH_PATHS = (
					"$(inherited)",
					"@executable_path/Frameworks",
				);
				MARKETING_VERSION = 1.0;
				PRODUCT_BUNDLE_IDENTIFIER = com.getir.ShoppingApp;
				PRODUCT_NAME = "$(TARGET_NAME)";
				SWIFT_EMIT_LOC_STRINGS = YES;
				SWIFT_VERSION = 5.0;
				TARGETED_DEVICE_FAMILY = "1,2";
			};
			name = Release;
		};
		6E1341DE280605070092B126 /* Debug */ = {
			isa = XCBuildConfiguration;
			buildSettings = {
				ALWAYS_EMBED_SWIFT_STANDARD_LIBRARIES = YES;
				BUNDLE_LOADER = "$(TEST_HOST)";
				CODE_SIGN_STYLE = Automatic;
				CURRENT_PROJECT_VERSION = 1;
				GENERATE_INFOPLIST_FILE = YES;
				IPHONEOS_DEPLOYMENT_TARGET = 15.2;
				MARKETING_VERSION = 1.0;
				PRODUCT_BUNDLE_IDENTIFIER = com.getir.ShoppingAppTests;
				PRODUCT_NAME = "$(TARGET_NAME)";
				SWIFT_EMIT_LOC_STRINGS = NO;
				SWIFT_VERSION = 5.0;
				TARGETED_DEVICE_FAMILY = "1,2";
				TEST_HOST = "$(BUILT_PRODUCTS_DIR)/ShoppingApp.app/ShoppingApp";
			};
			name = Debug;
		};
		6E1341DF280605070092B126 /* Release */ = {
			isa = XCBuildConfiguration;
			buildSettings = {
				ALWAYS_EMBED_SWIFT_STANDARD_LIBRARIES = YES;
				BUNDLE_LOADER = "$(TEST_HOST)";
				CODE_SIGN_STYLE = Automatic;
				CURRENT_PROJECT_VERSION = 1;
				GENERATE_INFOPLIST_FILE = YES;
				IPHONEOS_DEPLOYMENT_TARGET = 15.2;
				MARKETING_VERSION = 1.0;
				PRODUCT_BUNDLE_IDENTIFIER = com.getir.ShoppingAppTests;
				PRODUCT_NAME = "$(TARGET_NAME)";
				SWIFT_EMIT_LOC_STRINGS = NO;
				SWIFT_VERSION = 5.0;
				TARGETED_DEVICE_FAMILY = "1,2";
				TEST_HOST = "$(BUILT_PRODUCTS_DIR)/ShoppingApp.app/ShoppingApp";
			};
			name = Release;
		};
		6E1341E1280605070092B126 /* Debug */ = {
			isa = XCBuildConfiguration;
			buildSettings = {
				ALWAYS_EMBED_SWIFT_STANDARD_LIBRARIES = YES;
				CODE_SIGN_STYLE = Automatic;
				CURRENT_PROJECT_VERSION = 1;
				GENERATE_INFOPLIST_FILE = YES;
				MARKETING_VERSION = 1.0;
				PRODUCT_BUNDLE_IDENTIFIER = com.getir.ShoppingAppUITests;
				PRODUCT_NAME = "$(TARGET_NAME)";
				SWIFT_EMIT_LOC_STRINGS = NO;
				SWIFT_VERSION = 5.0;
				TARGETED_DEVICE_FAMILY = "1,2";
				TEST_TARGET_NAME = ShoppingApp;
			};
			name = Debug;
		};
		6E1341E2280605070092B126 /* Release */ = {
			isa = XCBuildConfiguration;
			buildSettings = {
				ALWAYS_EMBED_SWIFT_STANDARD_LIBRARIES = YES;
				CODE_SIGN_STYLE = Automatic;
				CURRENT_PROJECT_VERSION = 1;
				GENERATE_INFOPLIST_FILE = YES;
				MARKETING_VERSION = 1.0;
				PRODUCT_BUNDLE_IDENTIFIER = com.getir.ShoppingAppUITests;
				PRODUCT_NAME = "$(TARGET_NAME)";
				SWIFT_EMIT_LOC_STRINGS = NO;
				SWIFT_VERSION = 5.0;
				TARGETED_DEVICE_FAMILY = "1,2";
				TEST_TARGET_NAME = ShoppingApp;
			};
			name = Release;
		};
/* End XCBuildConfiguration section */

/* Begin XCConfigurationList section */
		6E1341AB280605060092B126 /* Build configuration list for PBXProject "ShoppingApp" */ = {
			isa = XCConfigurationList;
			buildConfigurations = (
				6E1341D8280605070092B126 /* Debug */,
				6E1341D9280605070092B126 /* Release */,
			);
			defaultConfigurationIsVisible = 0;
			defaultConfigurationName = Release;
		};
		6E1341DA280605070092B126 /* Build configuration list for PBXNativeTarget "ShoppingApp" */ = {
			isa = XCConfigurationList;
			buildConfigurations = (
				6E1341DB280605070092B126 /* Debug */,
				6E1341DC280605070092B126 /* Release */,
			);
			defaultConfigurationIsVisible = 0;
			defaultConfigurationName = Release;
		};
		6E1341DD280605070092B126 /* Build configuration list for PBXNativeTarget "ShoppingAppTests" */ = {
			isa = XCConfigurationList;
			buildConfigurations = (
				6E1341DE280605070092B126 /* Debug */,
				6E1341DF280605070092B126 /* Release */,
			);
			defaultConfigurationIsVisible = 0;
			defaultConfigurationName = Release;
		};
		6E1341E0280605070092B126 /* Build configuration list for PBXNativeTarget "ShoppingAppUITests" */ = {
			isa = XCConfigurationList;
			buildConfigurations = (
				6E1341E1280605070092B126 /* Debug */,
				6E1341E2280605070092B126 /* Release */,
			);
			defaultConfigurationIsVisible = 0;
			defaultConfigurationName = Release;
		};
/* End XCConfigurationList section */
	};
	rootObject = 6E1341A8280605060092B126 /* Project object */;
}
